
Microsoft Visual Studio Solution File, Format Version 12.00
# Visual Studio 2012
Project("{FAE04EC0-301F-11D3-BF4B-00C04F79EFBC}") = "SimpleIoC", "SimpleIoC\SimpleIoC.csproj", "{3401ED4F-7E0B-4243-A6A8-D0787F9B6489}"
EndProject
Project("{FAE04EC0-301F-11D3-BF4B-00C04F79EFBC}") = "SimpleIoC.Tests", "SimpleIoC.Tests\SimpleIoC.Tests.csproj", "{C2CCFEB5-D3A8-4BFB-A611-1CC0370F66EC}"
EndProject
Global
	GlobalSection(SolutionConfigurationPlatforms) = preSolution
		Debug|Any CPU = Debug|Any CPU
		Release|Any CPU = Release|Any CPU
	EndGlobalSection
	GlobalSection(ProjectConfigurationPlatforms) = postSolution
		{3401ED4F-7E0B-4243-A6A8-D0787F9B6489}.Debug|Any CPU.ActiveCfg = Debug|Any CPU
		{3401ED4F-7E0B-4243-A6A8-D0787F9B6489}.Debug|Any CPU.Build.0 = Debug|Any CPU
		{3401ED4F-7E0B-4243-A6A8-D0787F9B6489}.Release|Any CPU.ActiveCfg = Release|Any CPU
		{3401ED4F-7E0B-4243-A6A8-D0787F9B6489}.Release|Any CPU.Build.0 = Release|Any CPU
		{C2CCFEB5-D3A8-4BFB-A611-1CC0370F66EC}.Debug|Any CPU.ActiveCfg = Debug|Any CPU
		{C2CCFEB5-D3A8-4BFB-A611-1CC0370F66EC}.Debug|Any CPU.Build.0 = Debug|Any CPU
		{C2CCFEB5-D3A8-4BFB-A611-1CC0370F66EC}.Release|Any CPU.ActiveCfg = Release|Any CPU
		{C2CCFEB5-D3A8-4BFB-A611-1CC0370F66EC}.Release|Any CPU.Build.0 = Release|Any CPU
	EndGlobalSection
	GlobalSection(SolutionProperties) = preSolution
		HideSolutionNode = FALSE
	EndGlobalSection
EndGlobal
